
Microsoft Visual Studio Solution File, Format Version 12.00
# Visual Studio Version 17
VisualStudioVersion = 17.7.34031.279
MinimumVisualStudioVersion = 10.0.40219.1
Project("{9A19103F-16F7-4668-BE54-9A1E7A4F7556}") = "DevFast.Net.Extensions.Tests", "DevFast.Net.Extensions\src\DevFast.Net.Extensions.Tests\DevFast.Net.Extensions.Tests.csproj", "{950C9D0A-AA9A-4F4F-92BF-7235713BC380}"
EndProject
Project("{9A19103F-16F7-4668-BE54-9A1E7A4F7556}") = "DevFast.Net.Text.Tests", "DevFast.Net.Text\src\DevFast.Net.Text.Tests\DevFast.Net.Text.Tests.csproj", "{2F3E4434-2956-47DB-8300-C2C892004EA8}"
EndProject
Global
	GlobalSection(SolutionConfigurationPlatforms) = preSolution
		Debug|Any CPU = Debug|Any CPU
		Release|Any CPU = Release|Any CPU
	EndGlobalSection
	GlobalSection(ProjectConfigurationPlatforms) = postSolution
		{950C9D0A-AA9A-4F4F-92BF-7235713BC380}.Debug|Any CPU.ActiveCfg = Debug|Any CPU
		{950C9D0A-AA9A-4F4F-92BF-7235713BC380}.Debug|Any CPU.Build.0 = Debug|Any CPU
		{950C9D0A-AA9A-4F4F-92BF-7235713BC380}.Release|Any CPU.ActiveCfg = Release|Any CPU
		{950C9D0A-AA9A-4F4F-92BF-7235713BC380}.Release|Any CPU.Build.0 = Release|Any CPU
		{2F3E4434-2956-47DB-8300-C2C892004EA8}.Debug|Any CPU.ActiveCfg = Debug|Any CPU
		{2F3E4434-2956-47DB-8300-C2C892004EA8}.Debug|Any CPU.Build.0 = Debug|Any CPU
		{2F3E4434-2956-47DB-8300-C2C892004EA8}.Release|Any CPU.ActiveCfg = Release|Any CPU
		{2F3E4434-2956-47DB-8300-C2C892004EA8}.Release|Any CPU.Build.0 = Release|Any CPU
	EndGlobalSection
	GlobalSection(SolutionProperties) = preSolution
		HideSolutionNode = FALSE
	EndGlobalSection
	GlobalSection(ExtensibilityGlobals) = postSolution
		SolutionGuid = {2C875772-F2DA-4887-9C0E-C09733103C1E}
	EndGlobalSection
EndGlobal
